
Microsoft Visual Studio Solution File, Format Version 12.00
# Visual Studio 14
VisualStudioVersion = 14.0.23107.0
MinimumVisualStudioVersion = 10.0.40219.1
Project("{8BC9CEB8-8B4A-11D0-8D11-00A0C91BC942}") = "dash", "dash\dash.vcxproj", "{450818FC-8F6D-4D77-A4AF-6010F32B7AA8}"
EndProject
Project("{8BC9CEB8-8B4A-11D0-8D11-00A0C91BC942}") = "dash_exc", "dash_exc\dash_exc.vcxproj", "{10CDDD2A-96EB-4900-8431-27E58204C218}"
	ProjectSection(ProjectDependencies) = postProject
		{450818FC-8F6D-4D77-A4AF-6010F32B7AA8} = {450818FC-8F6D-4D77-A4AF-6010F32B7AA8}
	EndProjectSection
EndProject
Global
	GlobalSection(SolutionConfigurationPlatforms) = preSolution
		Debug|x64 = Debug|x64
		Debug|x86 = Debug|x86
		Release|x64 = Release|x64
		Release|x86 = Release|x86
	EndGlobalSection
	GlobalSection(ProjectConfigurationPlatforms) = postSolution
		{450818FC-8F6D-4D77-A4AF-6010F32B7AA8}.Debug|x64.ActiveCfg = Debug|x64
		{450818FC-8F6D-4D77-A4AF-6010F32B7AA8}.Debug|x64.Build.0 = Debug|x64
		{450818FC-8F6D-4D77-A4AF-6010F32B7AA8}.Debug|x86.ActiveCfg = Debug|Win32
		{450818FC-8F6D-4D77-A4AF-6010F32B7AA8}.Debug|x86.Build.0 = Debug|Win32
		{450818FC-8F6D-4D77-A4AF-6010F32B7AA8}.Release|x64.ActiveCfg = Release|x64
		{450818FC-8F6D-4D77-A4AF-6010F32B7AA8}.Release|x64.Build.0 = Release|x64
		{450818FC-8F6D-4D77-A4AF-6010F32B7AA8}.Release|x86.ActiveCfg = Release|Win32
		{450818FC-8F6D-4D77-A4AF-6010F32B7AA8}.Release|x86.Build.0 = Release|Win32
		{10CDDD2A-96EB-4900-8431-27E58204C218}.Debug|x64.ActiveCfg = Debug|x64
		{10CDDD2A-96EB-4900-8431-27E58204C218}.Debug|x64.Build.0 = Debug|x64
		{10CDDD2A-96EB-4900-8431-27E58204C218}.Debug|x86.ActiveCfg = Debug|Win32
		{10CDDD2A-96EB-4900-8431-27E58204C218}.Debug|x86.Build.0 = Debug|Win32
		{10CDDD2A-96EB-4900-8431-27E58204C218}.Release|x64.ActiveCfg = Release|x64
		{10CDDD2A-96EB-4900-8431-27E58204C218}.Release|x64.Build.0 = Release|x64
		{10CDDD2A-96EB-4900-8431-27E58204C218}.Release|x86.ActiveCfg = Release|Win32
		{10CDDD2A-96EB-4900-8431-27E58204C218}.Release|x86.Build.0 = Release|Win32
	EndGlobalSection
	GlobalSection(SolutionProperties) = preSolution
		HideSolutionNode = FALSE
	EndGlobalSection
EndGlobal
